
Microsoft Visual Studio Solution File, Format Version 12.00
# Visual Studio Version 17
VisualStudioVersion = 17.11.35312.102
MinimumVisualStudioVersion = 10.0.40219.1
Project("{8BC9CEB8-8B4A-11D0-8D11-00A0C91BC942}") = "PG3ono", "PG3ono.vcxproj", "{8C128794-DCF9-45BB-AA23-5D4D5EA3EAC3}"
EndProject
Project("{2150E333-8FDC-42A3-9474-1A3956D46DE8}") = "ソリューション項目", "ソリューション項目", "{78A317D7-B6AA-4CE1-97A1-93384A93FA70}"
	ProjectSection(SolutionItems) = preProject
		.editorconfig = .editorconfig
	EndProjectSection
EndProject
Global
	GlobalSection(SolutionConfigurationPlatforms) = preSolution
		Debug|x64 = Debug|x64
		Debug|x86 = Debug|x86
		Release|x64 = Release|x64
		Release|x86 = Release|x86
	EndGlobalSection
	GlobalSection(ProjectConfigurationPlatforms) = postSolution
		{8C128794-DCF9-45BB-AA23-5D4D5EA3EAC3}.Debug|x64.ActiveCfg = Debug|x64
		{8C128794-DCF9-45BB-AA23-5D4D5EA3EAC3}.Debug|x64.Build.0 = Debug|x64
		{8C128794-DCF9-45BB-AA23-5D4D5EA3EAC3}.Debug|x86.ActiveCfg = Debug|Win32
		{8C128794-DCF9-45BB-AA23-5D4D5EA3EAC3}.Debug|x86.Build.0 = Debug|Win32
		{8C128794-DCF9-45BB-AA23-5D4D5EA3EAC3}.Release|x64.ActiveCfg = Release|x64
		{8C128794-DCF9-45BB-AA23-5D4D5EA3EAC3}.Release|x64.Build.0 = Release|x64
		{8C128794-DCF9-45BB-AA23-5D4D5EA3EAC3}.Release|x86.ActiveCfg = Release|Win32
		{8C128794-DCF9-45BB-AA23-5D4D5EA3EAC3}.Release|x86.Build.0 = Release|Win32
	EndGlobalSection
	GlobalSection(SolutionProperties) = preSolution
		HideSolutionNode = FALSE
	EndGlobalSection
	GlobalSection(ExtensibilityGlobals) = postSolution
		SolutionGuid = {0D81A0B5-D362-45DD-B733-CF8679A27B9A}
	EndGlobalSection
EndGlobal
